<?xml version="1.0" encoding="utf-8"?>
<Project ToolsVersion="4.0" xmlns="http://schemas.microsoft.com/developer/msbuild/2003">
  <ItemGroup>
    <Filter Include="Source Files">
      <UniqueIdentifier>{4FC737F1-C7A5-4376-A066-2A32D752A2FF}</UniqueIdentifier>
      <Extensions>cpp;c;cc;cxx;c++;cppm;ixx;def;odl;idl;hpj;bat;asm;asmx</Extensions>
    </Filter>
    <Filter Include="Header Files">
      <UniqueIdentifier>{93995380-89BD-4b04-88EB-625FBE52EBFB}</UniqueIdentifier>
      <Extensions>h;hh;hpp;hxx;h++;hm;inl;inc;ipp;xsd</Extensions>
    </Filter>
    <Filter Include="Resource Files">
      <UniqueIdentifier>{67DA6AB6-F800-4c08-8B7A-83BB121AAD01}</UniqueIdentifier>
      <Extensions>rc;ico;cur;bmp;dlg;rc2;rct;bin;rgs;gif;jpg;jpeg;jpe;resx;tiff;tif;png;wav;mfcribbon-ms</Extensions>
    </Filter>
  </ItemGroup>
  <ItemGroup>
    <ClInclude Include="include\BitMap.h">
      <Filter>Header Files</Filter>
    </ClInclude>
    <ClInclude Include="include\ChsAddress.h">
      <Filter>Header Files</Filter>
    </ClInclude>
    <ClInclude Include="include\Cluster.h">
      <Filter>Header Files</Filter>
    </ClInclude>
    <ClInclude Include="include\FileImage.h">
      <Filter>Header Files</Filter>
    </ClInclude>
    <ClInclude Include="include\FileName.h">
      <Filter>Header Files</Filter>
    </ClInclude>
    <ClInclude Include="include\FileRecord.h">
      <Filter>Header Files</Filter>
    </ClInclude>
    <ClInclude Include="include\Fragment.h">
      <Filter>Header Files</Filter>
    </ClInclude>
    <ClInclude Include="include\GeneralTypes.h">
      <Filter>Header Files</Filter>
    </ClInclude>
    <ClInclude Include="include\HdImage.h">
      <Filter>Header Files</Filter>
    </ClInclude>
    <ClInclude Include="include\HdModel.h">
      <Filter>Header Files</Filter>
    </ClInclude>
    <ClInclude Include="include\HdPartition.h">
      <Filter>Header Files</Filter>
    </ClInclude>
    <ClInclude Include="include\MappingPairs.h">
      <Filter>Header Files</Filter>
    </ClInclude>
    <ClInclude Include="include\Mbr.h">
      <Filter>Header Files</Filter>
    </ClInclude>
    <ClInclude Include="include\Mft.h">
      <Filter>Header Files</Filter>
    </ClInclude>
    <ClInclude Include="include\PartitionEntry.h">
      <Filter>Header Files</Filter>
    </ClInclude>
    <ClInclude Include="include\Sector.h">
      <Filter>Header Files</Filter>
    </ClInclude>
  </ItemGroup>
  <ItemGroup>
    <ClCompile Include="HdSimulation06.cpp">
      <Filter>Source Files</Filter>
    </ClCompile>
    <ClCompile Include="HdImage.cpp">
      <Filter>Source Files</Filter>
    </ClCompile>
  </ItemGroup>
</Project>